// !$*UTF8*$!
{
	archiveVersion = 1;
	classes = {
	};
	objectVersion = 56;
	objects = {

/* Begin PBXBuildFile section */
		22503B5329462C7000F0A2B5 /* AppDelegate.swift in Sources */ = {isa = PBXBuildFile; fileRef = 22503B5229462C7000F0A2B5 /* AppDelegate.swift */; };
		22503B5529462C7000F0A2B5 /* SceneDelegate.swift in Sources */ = {isa = PBXBuildFile; fileRef = 22503B5429462C7000F0A2B5 /* SceneDelegate.swift */; };
		22503B5729462C7000F0A2B5 /* ViewController.swift in Sources */ = {isa = PBXBuildFile; fileRef = 22503B5629462C7000F0A2B5 /* ViewController.swift */; };
		22503B5A29462C7000F0A2B5 /* Main.storyboard in Resources */ = {isa = PBXBuildFile; fileRef = 22503B5829462C7000F0A2B5 /* Main.storyboard */; };
		22503B5D29462C7000F0A2B5 /* ContactApp.xcdatamodeld in Sources */ = {isa = PBXBuildFile; fileRef = 22503B5B29462C7000F0A2B5 /* ContactApp.xcdatamodeld */; };
		22503B5F29462C7100F0A2B5 /* Assets.xcassets in Resources */ = {isa = PBXBuildFile; fileRef = 22503B5E29462C7100F0A2B5 /* Assets.xcassets */; };
		22503B6229462C7100F0A2B5 /* LaunchScreen.storyboard in Resources */ = {isa = PBXBuildFile; fileRef = 22503B6029462C7100F0A2B5 /* LaunchScreen.storyboard */; };
		22503B6A2946452800F0A2B5 /* AddContactVC.swift in Sources */ = {isa = PBXBuildFile; fileRef = 22503B692946452800F0A2B5 /* AddContactVC.swift */; };
		22503B6D29464AD100F0A2B5 /* Contact+CoreDataClass.swift in Sources */ = {isa = PBXBuildFile; fileRef = 22503B6B29464AD100F0A2B5 /* Contact+CoreDataClass.swift */; };
		22503B6E29464AD100F0A2B5 /* Contact+CoreDataProperties.swift in Sources */ = {isa = PBXBuildFile; fileRef = 22503B6C29464AD100F0A2B5 /* Contact+CoreDataProperties.swift */; };
		22503B7029464B3100F0A2B5 /* DBManager.swift in Sources */ = {isa = PBXBuildFile; fileRef = 22503B6F29464B3100F0A2B5 /* DBManager.swift */; };
/* End PBXBuildFile section */

/* Begin PBXFileReference section */
		22503B4F29462C7000F0A2B5 /* ContactApp.app */ = {isa = PBXFileReference; explicitFileType = wrapper.application; includeInIndex = 0; path = ContactApp.app; sourceTree = BUILT_PRODUCTS_DIR; };
		22503B5229462C7000F0A2B5 /* AppDelegate.swift */ = {isa = PBXFileReference; lastKnownFileType = sourcecode.swift; path = AppDelegate.swift; sourceTree = "<group>"; };
		22503B5429462C7000F0A2B5 /* SceneDelegate.swift */ = {isa = PBXFileReference; lastKnownFileType = sourcecode.swift; path = SceneDelegate.swift; sourceTree = "<group>"; };
		22503B5629462C7000F0A2B5 /* ViewController.swift */ = {isa = PBXFileReference; lastKnownFileType = sourcecode.swift; path = ViewController.swift; sourceTree = "<group>"; };
		22503B5929462C7000F0A2B5 /* Base */ = {isa = PBXFileReference; lastKnownFileType = file.storyboard; name = Base; path = Base.lproj/Main.storyboard; sourceTree = "<group>"; };
		22503B5C29462C7000F0A2B5 /* ContactApp.xcdatamodel */ = {isa = PBXFileReference; lastKnownFileType = wrapper.xcdatamodel; path = ContactApp.xcdatamodel; sourceTree = "<group>"; };
		22503B5E29462C7100F0A2B5 /* Assets.xcassets */ = {isa = PBXFileReference; lastKnownFileType = folder.assetcatalog; path = Assets.xcassets; sourceTree = "<group>"; };
		22503B6129462C7100F0A2B5 /* Base */ = {isa = PBXFileReference; lastKnownFileType = file.storyboard; name = Base; path = Base.lproj/LaunchScreen.storyboard; sourceTree = "<group>"; };
		22503B6329462C7100F0A2B5 /* Info.plist */ = {isa = PBXFileReference; lastKnownFileType = text.plist.xml; path = Info.plist; sourceTree = "<group>"; };
		22503B692946452800F0A2B5 /* AddContactVC.swift */ = {isa = PBXFileReference; lastKnownFileType = sourcecode.swift; path = AddContactVC.swift; sourceTree = "<group>"; };
		22503B6B29464AD100F0A2B5 /* Contact+CoreDataClass.swift */ = {isa = PBXFileReference; lastKnownFileType = sourcecode.swift; path = "Contact+CoreDataClass.swift"; sourceTree = "<group>"; };
		22503B6C29464AD100F0A2B5 /* Contact+CoreDataProperties.swift */ = {isa = PBXFileReference; lastKnownFileType = sourcecode.swift; path = "Contact+CoreDataProperties.swift"; sourceTree = "<group>"; };
		22503B6F29464B3100F0A2B5 /* DBManager.swift */ = {isa = PBXFileReference; lastKnownFileType = sourcecode.swift; path = DBManager.swift; sourceTree = "<group>"; };
/* End PBXFileReference section */

/* Begin PBXFrameworksBuildPhase section */
		22503B4C29462C7000F0A2B5 /* Frameworks */ = {
			isa = PBXFrameworksBuildPhase;
			buildActionMask = 2147483647;
			files = (
			);
			runOnlyForDeploymentPostprocessing = 0;
		};
/* End PBXFrameworksBuildPhase section */

/* Begin PBXGroup section */
		22503B4629462C7000F0A2B5 = {
			isa = PBXGroup;
			children = (
				22503B5129462C7000F0A2B5 /* ContactApp */,
				22503B5029462C7000F0A2B5 /* Products */,
			);
			sourceTree = "<group>";
		};
		22503B5029462C7000F0A2B5 /* Products */ = {
			isa = PBXGroup;
			children = (
				22503B4F29462C7000F0A2B5 /* ContactApp.app */,
			);
			name = Products;
			sourceTree = "<group>";
		};
		22503B5129462C7000F0A2B5 /* ContactApp */ = {
			isa = PBXGroup;
			children = (
				22503B5229462C7000F0A2B5 /* AppDelegate.swift */,
				22503B6F29464B3100F0A2B5 /* DBManager.swift */,
				22503B6B29464AD100F0A2B5 /* Contact+CoreDataClass.swift */,
				22503B6C29464AD100F0A2B5 /* Contact+CoreDataProperties.swift */,
				22503B5429462C7000F0A2B5 /* SceneDelegate.swift */,
				22503B5629462C7000F0A2B5 /* ViewController.swift */,
				22503B5829462C7000F0A2B5 /* Main.storyboard */,
				22503B5E29462C7100F0A2B5 /* Assets.xcassets */,
				22503B6029462C7100F0A2B5 /* LaunchScreen.storyboard */,
				22503B6329462C7100F0A2B5 /* Info.plist */,
				22503B5B29462C7000F0A2B5 /* ContactApp.xcdatamodeld */,
				22503B692946452800F0A2B5 /* AddContactVC.swift */,
			);
			path = ContactApp;
			sourceTree = "<group>";
		};
/* End PBXGroup section */

/* Begin PBXNativeTarget section */
		22503B4E29462C7000F0A2B5 /* ContactApp */ = {
			isa = PBXNativeTarget;
			buildConfigurationList = 22503B6629462C7100F0A2B5 /* Build configuration list for PBXNativeTarget "ContactApp" */;
			buildPhases = (
				22503B4B29462C7000F0A2B5 /* Sources */,
				22503B4C29462C7000F0A2B5 /* Frameworks */,
				22503B4D29462C7000F0A2B5 /* Resources */,
			);
			buildRules = (
			);
			dependencies = (
			);
			name = ContactApp;
			productName = ContactApp;
			productReference = 22503B4F29462C7000F0A2B5 /* ContactApp.app */;
			productType = "com.apple.product-type.application";
		};
/* End PBXNativeTarget section */

/* Begin PBXProject section */
		22503B4729462C7000F0A2B5 /* Project object */ = {
			isa = PBXProject;
			attributes = {
				BuildIndependentTargetsInParallel = 1;
				LastSwiftUpdateCheck = 1410;
				LastUpgradeCheck = 1410;
				TargetAttributes = {
					22503B4E29462C7000F0A2B5 = {
						CreatedOnToolsVersion = 14.1;
					};
				};
			};
			buildConfigurationList = 22503B4A29462C7000F0A2B5 /* Build configuration list for PBXProject "ContactApp" */;
			compatibilityVersion = "Xcode 14.0";
			developmentRegion = en;
			hasScannedForEncodings = 0;
			knownRegions = (
				en,
				Base,
			);
			mainGroup = 22503B4629462C7000F0A2B5;
			productRefGroup = 22503B5029462C7000F0A2B5 /* Products */;
			projectDirPath = "";
			projectRoot = "";
			targets = (
				22503B4E29462C7000F0A2B5 /* ContactApp */,
			);
		};
/* End PBXProject section */

/* Begin PBXResourcesBuildPhase section */
		22503B4D29462C7000F0A2B5 /* Resources */ = {
			isa = PBXResourcesBuildPhase;
			buildActionMask = 2147483647;
			files = (
				22503B6229462C7100F0A2B5 /* LaunchScreen.storyboard in Resources */,
				22503B5F29462C7100F0A2B5 /* Assets.xcassets in Resources */,
				22503B5A29462C7000F0A2B5 /* Main.storyboard in Resources */,
			);
			runOnlyForDeploymentPostprocessing = 0;
		};
/* End PBXResourcesBuildPhase section */

/* Begin PBXSourcesBuildPhase section */
		22503B4B29462C7000F0A2B5 /* Sources */ = {
			isa = PBXSourcesBuildPhase;
			buildActionMask = 2147483647;
			files = (
				22503B5D29462C7000F0A2B5 /* ContactApp.xcdatamodeld in Sources */,
				22503B5729462C7000F0A2B5 /* ViewController.swift in Sources */,
				22503B6E29464AD100F0A2B5 /* Contact+CoreDataProperties.swift in Sources */,
				22503B7029464B3100F0A2B5 /* DBManager.swift in Sources */,
				22503B5329462C7000F0A2B5 /* AppDelegate.swift in Sources */,
				22503B5529462C7000F0A2B5 /* SceneDelegate.swift in Sources */,
				22503B6D29464AD100F0A2B5 /* Contact+CoreDataClass.swift in Sources */,
				22503B6A2946452800F0A2B5 /* AddContactVC.swift in Sources */,
			);
			runOnlyForDeploymentPostprocessing = 0;
		};
/* End PBXSourcesBuildPhase section */

/* Begin PBXVariantGroup section */
		22503B5829462C7000F0A2B5 /* Main.storyboard */ = {
			isa = PBXVariantGroup;
			children = (
				22503B5929462C7000F0A2B5 /* Base */,
			);
			name = Main.storyboard;
			sourceTree = "<group>";
		};
		22503B6029462C7100F0A2B5 /* LaunchScreen.storyboard */ = {
			isa = PBXVariantGroup;
			children = (
				22503B6129462C7100F0A2B5 /* Base */,
			);
			name = LaunchScreen.storyboard;
			sourceTree = "<group>";
		};
/* End PBXVariantGroup section */

/* Begin XCBuildConfiguration section */
		22503B6429462C7100F0A2B5 /* Debug */ = {
			isa = XCBuildConfiguration;
			buildSettings = {
				ALWAYS_SEARCH_USER_PATHS = NO;
				CLANG_ANALYZER_NONNULL = YES;
				CLANG_ANALYZER_NUMBER_OBJECT_CONVERSION = YES_AGGRESSIVE;
				CLANG_CXX_LANGUAGE_STANDARD = "gnu++20";
				CLANG_ENABLE_MODULES = YES;
				CLANG_ENABLE_OBJC_ARC = YES;
				CLANG_ENABLE_OBJC_WEAK = YES;
				CLANG_WARN_BLOCK_CAPTURE_AUTORELEASING = YES;
				CLANG_WARN_BOOL_CONVERSION = YES;
				CLANG_WARN_COMMA = YES;
				CLANG_WARN_CONSTANT_CONVERSION = YES;
				CLANG_WARN_DEPRECATED_OBJC_IMPLEMENTATIONS = YES;
				CLANG_WARN_DIRECT_OBJC_ISA_USAGE = YES_ERROR;
				CLANG_WARN_DOCUMENTATION_COMMENTS = YES;
				CLANG_WARN_EMPTY_BODY = YES;
				CLANG_WARN_ENUM_CONVERSION = YES;
				CLANG_WARN_INFINITE_RECURSION = YES;
				CLANG_WARN_INT_CONVERSION = YES;
				CLANG_WARN_NON_LITERAL_NULL_CONVERSION = YES;
				CLANG_WARN_OBJC_IMPLICIT_RETAIN_SELF = YES;
				CLANG_WARN_OBJC_LITERAL_CONVERSION = YES;
				CLANG_WARN_OBJC_ROOT_CLASS = YES_ERROR;
				CLANG_WARN_QUOTED_INCLUDE_IN_FRAMEWORK_HEADER = YES;
				CLANG_WARN_RANGE_LOOP_ANALYSIS = YES;
				CLANG_WARN_STRICT_PROTOTYPES = YES;
				CLANG_WARN_SUSPICIOUS_MOVE = YES;
				CLANG_WARN_UNGUARDED_AVAILABILITY = YES_AGGRESSIVE;
				CLANG_WARN_UNREACHABLE_CODE = YES;
				CLANG_WARN__DUPLICATE_METHOD_MATCH = YES;
				COPY_PHASE_STRIP = NO;
				DEBUG_INFORMATION_FORMAT = dwarf;
				ENABLE_STRICT_OBJC_MSGSEND = YES;
				ENABLE_TESTABILITY = YES;
				GCC_C_LANGUAGE_STANDARD = gnu11;
				GCC_DYNAMIC_NO_PIC = NO;
				GCC_NO_COMMON_BLOCKS = YES;
				GCC_OPTIMIZATION_LEVEL = 0;
				GCC_PREPROCESSOR_DEFINITIONS = (
					"DEBUG=1",
					"$(inherited)",
				);
				GCC_WARN_64_TO_32_BIT_CONVERSION = YES;
				GCC_WARN_ABOUT_RETURN_TYPE = YES_ERROR;
				GCC_WARN_UNDECLARED_SELECTOR = YES;
				GCC_WARN_UNINITIALIZED_AUTOS = YES_AGGRESSIVE;
				GCC_WARN_UNUSED_FUNCTION = YES;
				GCC_WARN_UNUSED_VARIABLE = YES;
				IPHONEOS_DEPLOYMENT_TARGET = 16.1;
				MTL_ENABLE_DEBUG_INFO = INCLUDE_SOURCE;
				MTL_FAST_MATH = YES;
				ONLY_ACTIVE_ARCH = YES;
				SDKROOT = iphoneos;
				SWIFT_ACTIVE_COMPILATION_CONDITIONS = DEBUG;
				SWIFT_OPTIMIZATION_LEVEL = "-Onone";
			};
			name = Debug;
		};
		22503B6529462C7100F0A2B5 /* Release */ = {
			isa = XCBuildConfiguration;
			buildSettings = {
				ALWAYS_SEARCH_USER_PATHS = NO;
				CLANG_ANALYZER_NONNULL = YES;
				CLANG_ANALYZER_NUMBER_OBJECT_CONVERSION = YES_AGGRESSIVE;
				CLANG_CXX_LANGUAGE_STANDARD = "gnu++20";
				CLANG_ENABLE_MODULES = YES;
				CLANG_ENABLE_OBJC_ARC = YES;
				CLANG_ENABLE_OBJC_WEAK = YES;
				CLANG_WARN_BLOCK_CAPTURE_AUTORELEASING = YES;
				CLANG_WARN_BOOL_CONVERSION = YES;
				CLANG_WARN_COMMA = YES;
				CLANG_WARN_CONSTANT_CONVERSION = YES;
				CLANG_WARN_DEPRECATED_OBJC_IMPLEMENTATIONS = YES;
				CLANG_WARN_DIRECT_OBJC_ISA_USAGE = YES_ERROR;
				CLANG_WARN_DOCUMENTATION_COMMENTS = YES;
				CLANG_WARN_EMPTY_BODY = YES;
				CLANG_WARN_ENUM_CONVERSION = YES;
				CLANG_WARN_INFINITE_RECURSION = YES;
				CLANG_WARN_INT_CONVERSION = YES;
				CLANG_WARN_NON_LITERAL_NULL_CONVERSION = YES;
				CLANG_WARN_OBJC_IMPLICIT_RETAIN_SELF = YES;
				CLANG_WARN_OBJC_LITERAL_CONVERSION = YES;
				CLANG_WARN_OBJC_ROOT_CLASS = YES_ERROR;
				CLANG_WARN_QUOTED_INCLUDE_IN_FRAMEWORK_HEADER = YES;
				CLANG_WARN_RANGE_LOOP_ANALYSIS = YES;
				CLANG_WARN_STRICT_PROTOTYPES = YES;
				CLANG_WARN_SUSPICIOUS_MOVE = YES;
				CLANG_WARN_UNGUARDED_AVAILABILITY = YES_AGGRESSIVE;
				CLANG_WARN_UNREACHABLE_CODE = YES;
				CLANG_WARN__DUPLICATE_METHOD_MATCH = YES;
				COPY_PHASE_STRIP = NO;
				DEBUG_INFORMATION_FORMAT = "dwarf-with-dsym";
				ENABLE_NS_ASSERTIONS = NO;
				ENABLE_STRICT_OBJC_MSGSEND = YES;
				GCC_C_LANGUAGE_STANDARD = gnu11;
				GCC_NO_COMMON_BLOCKS = YES;
				GCC_WARN_64_TO_32_BIT_CONVERSION = YES;
				GCC_WARN_ABOUT_RETURN_TYPE = YES_ERROR;
				GCC_WARN_UNDECLARED_SELECTOR = YES;
				GCC_WARN_UNINITIALIZED_AUTOS = YES_AGGRESSIVE;
				GCC_WARN_UNUSED_FUNCTION = YES;
				GCC_WARN_UNUSED_VARIABLE = YES;
				IPHONEOS_DEPLOYMENT_TARGET = 16.1;
				MTL_ENABLE_DEBUG_INFO = NO;
				MTL_FAST_MATH = YES;
				SDKROOT = iphoneos;
				SWIFT_COMPILATION_MODE = wholemodule;
				SWIFT_OPTIMIZATION_LEVEL = "-O";
				VALIDATE_PRODUCT = YES;
			};
			name = Release;
		};
		22503B6729462C7100F0A2B5 /* Debug */ = {
			isa = XCBuildConfiguration;
			buildSettings = {
				ASSETCATALOG_COMPILER_APPICON_NAME = AppIcon;
				ASSETCATALOG_COMPILER_GLOBAL_ACCENT_COLOR_NAME = AccentColor;
				CODE_SIGN_STYLE = Automatic;
				CURRENT_PROJECT_VERSION = 1;
				DEVELOPMENT_TEAM = N2PA9A2A68;
				GENERATE_INFOPLIST_FILE = YES;
				INFOPLIST_FILE = ContactApp/Info.plist;
				INFOPLIST_KEY_UIApplicationSupportsIndirectInputEvents = YES;
				INFOPLIST_KEY_UILaunchStoryboardName = LaunchScreen;
				INFOPLIST_KEY_UIMainStoryboardFile = Main;
				INFOPLIST_KEY_UISupportedInterfaceOrientations_iPad = "UIInterfaceOrientationPortrait UIInterfaceOrientationPortraitUpsideDown UIInterfaceOrientationLandscapeLeft UIInterfaceOrientationLandscapeRight";
				INFOPLIST_KEY_UISupportedInterfaceOrientations_iPhone = "UIInterfaceOrientationPortrait UIInterfaceOrientationLandscapeLeft UIInterfaceOrientationLandscapeRight";
				LD_RUNPATH_SEARCH_PATHS = (
					"$(inherited)",
					"@executable_path/Frameworks",
				);
				MARKETING_VERSION = 1.0;
				PRODUCT_BUNDLE_IDENTIFIER = Conact.ContactApp;
				PRODUCT_NAME = "$(TARGET_NAME)";
				SWIFT_EMIT_LOC_STRINGS = YES;
				SWIFT_VERSION = 5.0;
				TARGETED_DEVICE_FAMILY = "1,2";
			};
			name = Debug;
		};
		22503B6829462C7100F0A2B5 /* Release */ = {
			isa = XCBuildConfiguration;
			buildSettings = {
				ASSETCATALOG_COMPILER_APPICON_NAME = AppIcon;
				ASSETCATALOG_COMPILER_GLOBAL_ACCENT_COLOR_NAME = AccentColor;
				CODE_SIGN_STYLE = Automatic;
				CURRENT_PROJECT_VERSION = 1;
				DEVELOPMENT_TEAM = N2PA9A2A68;
				GENERATE_INFOPLIST_FILE = YES;
				INFOPLIST_FILE = ContactApp/Info.plist;
				INFOPLIST_KEY_UIApplicationSupportsIndirectInputEvents = YES;
				INFOPLIST_KEY_UILaunchStoryboardName = LaunchScreen;
				INFOPLIST_KEY_UIMainStoryboardFile = Main;
				INFOPLIST_KEY_UISupportedInterfaceOrientations_iPad = "UIInterfaceOrientationPortrait UIInterfaceOrientationPortraitUpsideDown UIInterfaceOrientationLandscapeLeft UIInterfaceOrientationLandscapeRight";
				INFOPLIST_KEY_UISupportedInterfaceOrientations_iPhone = "UIInterfaceOrientationPortrait UIInterfaceOrientationLandscapeLeft UIInterfaceOrientationLandscapeRight";
				LD_RUNPATH_SEARCH_PATHS = (
					"$(inherited)",
					"@executable_path/Frameworks",
				);
				MARKETING_VERSION = 1.0;
				PRODUCT_BUNDLE_IDENTIFIER = Conact.ContactApp;
				PRODUCT_NAME = "$(TARGET_NAME)";
				SWIFT_EMIT_LOC_STRINGS = YES;
				SWIFT_VERSION = 5.0;
				TARGETED_DEVICE_FAMILY = "1,2";
			};
			name = Release;
		};
/* End XCBuildConfiguration section */

/* Begin XCConfigurationList section */
		22503B4A29462C7000F0A2B5 /* Build configuration list for PBXProject "ContactApp" */ = {
			isa = XCConfigurationList;
			buildConfigurations = (
				22503B6429462C7100F0A2B5 /* Debug */,
				22503B6529462C7100F0A2B5 /* Release */,
			);
			defaultConfigurationIsVisible = 0;
			defaultConfigurationName = Release;
		};
		22503B6629462C7100F0A2B5 /* Build configuration list for PBXNativeTarget "ContactApp" */ = {
			isa = XCConfigurationList;
			buildConfigurations = (
				22503B6729462C7100F0A2B5 /* Debug */,
				22503B6829462C7100F0A2B5 /* Release */,
			);
			defaultConfigurationIsVisible = 0;
			defaultConfigurationName = Release;
		};
/* End XCConfigurationList section */

/* Begin XCVersionGroup section */
		22503B5B29462C7000F0A2B5 /* ContactApp.xcdatamodeld */ = {
			isa = XCVersionGroup;
			children = (
				22503B5C29462C7000F0A2B5 /* ContactApp.xcdatamodel */,
			);
			currentVersion = 22503B5C29462C7000F0A2B5 /* ContactApp.xcdatamodel */;
			path = ContactApp.xcdatamodeld;
			sourceTree = "<group>";
			versionGroupType = wrapper.xcdatamodel;
		};
/* End XCVersionGroup section */
	};
	rootObject = 22503B4729462C7000F0A2B5 /* Project object */;
}
